<?xml version="1.0" encoding="utf-8"?>
<Project ToolsVersion="4.0" xmlns="http://schemas.microsoft.com/developer/msbuild/2003">
  <ItemGroup>
    <Filter Include="Source Files">
      <UniqueIdentifier>{4FC737F1-C7A5-4376-A066-2A32D752A2FF}</UniqueIdentifier>
      <Extensions>cpp;c;cc;cxx;def;odl;idl;hpj;bat;asm;asmx</Extensions>
    </Filter>
    <Filter Include="Header Files">
      <UniqueIdentifier>{93995380-89BD-4b04-88EB-625FBE52EBFB}</UniqueIdentifier>
      <Extensions>h;hpp;hxx;hm;inl;inc;xsd</Extensions>
    </Filter>
    <Filter Include="Resource Files">
      <UniqueIdentifier>{67DA6AB6-F800-4c08-8B7A-83BB121AAD01}</UniqueIdentifier>
      <Extensions>rc;ico;cur;bmp;dlg;rc2;rct;bin;rgs;gif;jpg;jpeg;jpe;resx;tiff;tif;png;wav;mfcribbon-ms</Extensions>
    </Filter>
  </ItemGroup>
  <ItemGroup>
    <ClCompile Include="Main.cpp">
      <Filter>Source Files</Filter>
    </ClCompile>
    <ClCompile Include="Utility.Debug.cpp">
      <Filter>Source Files</Filter>
    </ClCompile>
    <ClCompile Include="CORE.Matrix.cpp">
      <Filter>Source Files</Filter>
    </ClCompile>
    <ClCompile Include="CORE.Mesh.cpp">
      <Filter>Source Files</Filter>
    </ClCompile>
    <ClCompile Include="CORE.Time.cpp">
      <Filter>Source Files</Filter>
    </ClCompile>
    <ClCompile Include="System.Data.cpp">
      <Filter>Source Files</Filter>
    </ClCompile>
    <ClCompile Include="System.File.cpp">
      <Filter>Source Files</Filter>
    </ClCompile>
    <ClCompile Include="System.Image.PNG.cpp">
      <Filter>Source Files</Filter>
    </ClCompile>
    <ClCompile Include="LIBRARY\libpng\png.c">
      <Filter>Source Files</Filter>
    </ClCompile>
    <ClCompile Include="LIBRARY\libpng\pngerror.c">
      <Filter>Source Files</Filter>
    </ClCompile>
    <ClCompile Include="LIBRARY\libpng\pnggccrd.c">
      <Filter>Source Files</Filter>
    </ClCompile>
    <ClCompile Include="LIBRARY\libpng\pngget.c">
      <Filter>Source Files</Filter>
    </ClCompile>
    <ClCompile Include="LIBRARY\libpng\pngmem.c">
      <Filter>Source Files</Filter>
    </ClCompile>
    <ClCompile Include="LIBRARY\libpng\pngpread.c">
      <Filter>Source Files</Filter>
    </ClCompile>
    <ClCompile Include="LIBRARY\libpng\pngread.c">
      <Filter>Source Files</Filter>
    </ClCompile>
    <ClCompile Include="LIBRARY\libpng\pngrio.c">
      <Filter>Source Files</Filter>
    </ClCompile>
    <ClCompile Include="LIBRARY\libpng\pngrtran.c">
      <Filter>Source Files</Filter>
    </ClCompile>
    <ClCompile Include="LIBRARY\libpng\pngrutil.c">
      <Filter>Source Files</Filter>
    </ClCompile>
    <ClCompile Include="LIBRARY\libpng\pngset.c">
      <Filter>Source Files</Filter>
    </ClCompile>
    <ClCompile Include="LIBRARY\libpng\pngtrans.c">
      <Filter>Source Files</Filter>
    </ClCompile>
    <ClCompile Include="LIBRARY\libpng\pngvcrd.c">
      <Filter>Source Files</Filter>
    </ClCompile>
    <ClCompile Include="LIBRARY\libpng\pngwio.c">
      <Filter>Source Files</Filter>
    </ClCompile>
    <ClCompile Include="LIBRARY\libpng\pngwrite.c">
      <Filter>Source Files</Filter>
    </ClCompile>
    <ClCompile Include="LIBRARY\libpng\pngwtran.c">
      <Filter>Source Files</Filter>
    </ClCompile>
    <ClCompile Include="LIBRARY\libpng\pngwutil.c">
      <Filter>Source Files</Filter>
    </ClCompile>
    <ClCompile Include="LIBRARY\zlib\adler32.c">
      <Filter>Source Files</Filter>
    </ClCompile>
    <ClCompile Include="LIBRARY\zlib\compress.c">
      <Filter>Source Files</Filter>
    </ClCompile>
    <ClCompile Include="LIBRARY\zlib\crc32.c">
      <Filter>Source Files</Filter>
    </ClCompile>
    <ClCompile Include="LIBRARY\zlib\deflate.c">
      <Filter>Source Files</Filter>
    </ClCompile>
    <ClCompile Include="LIBRARY\zlib\gzio.c">
      <Filter>Source Files</Filter>
    </ClCompile>
    <ClCompile Include="LIBRARY\zlib\infback.c">
      <Filter>Source Files</Filter>
    </ClCompile>
    <ClCompile Include="LIBRARY\zlib\inffast.c">
      <Filter>Source Files</Filter>
    </ClCompile>
    <ClCompile Include="LIBRARY\zlib\inflate.c">
      <Filter>Source Files</Filter>
    </ClCompile>
    <ClCompile Include="LIBRARY\zlib\inftrees.c">
      <Filter>Source Files</Filter>
    </ClCompile>
    <ClCompile Include="LIBRARY\zlib\ioapi.c">
      <Filter>Source Files</Filter>
    </ClCompile>
    <ClCompile Include="LIBRARY\zlib\trees.c">
      <Filter>Source Files</Filter>
    </ClCompile>
    <ClCompile Include="LIBRARY\zlib\uncompr.c">
      <Filter>Source Files</Filter>
    </ClCompile>
    <ClCompile Include="LIBRARY\zlib\unzip.c">
      <Filter>Source Files</Filter>
    </ClCompile>
    <ClCompile Include="LIBRARY\zlib\zutil.c">
      <Filter>Source Files</Filter>
    </ClCompile>
    <ClCompile Include="APP.Main.cpp">
      <Filter>Source Files</Filter>
    </ClCompile>
    <ClCompile Include="CORE.Material.cpp">
      <Filter>Source Files</Filter>
    </ClCompile>
    <ClCompile Include="CORE.Texture.cpp">
      <Filter>Source Files</Filter>
    </ClCompile>
  </ItemGroup>
  <ItemGroup>
    <ClInclude Include="Utility.Debug.h">
      <Filter>Header Files</Filter>
    </ClInclude>
    <ClInclude Include="main.h">
      <Filter>Header Files</Filter>
    </ClInclude>
    <ClInclude Include="CORE.Matrix.h">
      <Filter>Header Files</Filter>
    </ClInclude>
    <ClInclude Include="CORE.Mesh.h">
      <Filter>Header Files</Filter>
    </ClInclude>
    <ClInclude Include="CORE.Time.h">
      <Filter>Header Files</Filter>
    </ClInclude>
    <ClInclude Include="CORE.Material.h">
      <Filter>Header Files</Filter>
    </ClInclude>
    <ClInclude Include="System.Data.h">
      <Filter>Header Files</Filter>
    </ClInclude>
    <ClInclude Include="System.File.h">
      <Filter>Header Files</Filter>
    </ClInclude>
    <ClInclude Include="System.Image.h">
      <Filter>Header Files</Filter>
    </ClInclude>
    <ClInclude Include="System.Image.PNG.h">
      <Filter>Header Files</Filter>
    </ClInclude>
    <ClInclude Include="LIBRARY\libpng\png.h">
      <Filter>Header Files</Filter>
    </ClInclude>
    <ClInclude Include="LIBRARY\libpng\pngconf.h">
      <Filter>Header Files</Filter>
    </ClInclude>
    <ClInclude Include="LIBRARY\zlib\crc32.h">
      <Filter>Header Files</Filter>
    </ClInclude>
    <ClInclude Include="LIBRARY\zlib\crypt.h">
      <Filter>Header Files</Filter>
    </ClInclude>
    <ClInclude Include="LIBRARY\zlib\deflate.h">
      <Filter>Header Files</Filter>
    </ClInclude>
    <ClInclude Include="LIBRARY\zlib\inffast.h">
      <Filter>Header Files</Filter>
    </ClInclude>
    <ClInclude Include="LIBRARY\zlib\inffixed.h">
      <Filter>Header Files</Filter>
    </ClInclude>
    <ClInclude Include="LIBRARY\zlib\inflate.h">
      <Filter>Header Files</Filter>
    </ClInclude>
    <ClInclude Include="LIBRARY\zlib\inftrees.h">
      <Filter>Header Files</Filter>
    </ClInclude>
    <ClInclude Include="LIBRARY\zlib\ioapi.h">
      <Filter>Header Files</Filter>
    </ClInclude>
    <ClInclude Include="LIBRARY\zlib\trees.h">
      <Filter>Header Files</Filter>
    </ClInclude>
    <ClInclude Include="LIBRARY\zlib\unzip.h">
      <Filter>Header Files</Filter>
    </ClInclude>
    <ClInclude Include="LIBRARY\zlib\zconf.h">
      <Filter>Header Files</Filter>
    </ClInclude>
    <ClInclude Include="LIBRARY\zlib\zlib.h">
      <Filter>Header Files</Filter>
    </ClInclude>
    <ClInclude Include="LIBRARY\zlib\zutil.h">
      <Filter>Header Files</Filter>
    </ClInclude>
    <ClInclude Include="APP.Main.h">
      <Filter>Header Files</Filter>
    </ClInclude>
    <ClInclude Include="CORE.Texture.h">
      <Filter>Header Files</Filter>
    </ClInclude>
  </ItemGroup>
  <ItemGroup>
    <Image Include="Resources\REFERENCE_GRASS_PHOTO.png">
      <Filter>Resource Files</Filter>
    </Image>
  </ItemGroup>
</Project>